<Solution>
  <Project Path="QuickJSharp/QuickJSharp.csproj" />
  <Project Path="QuickJSharp.Bindings.Generators/QuickJSharp.Bindings.Generators.csproj" />
  <Project Path="QuickJSharp.Bindings/QuickJSharp.Bindings.csproj" />
  <Project Path="QuickJSharp.Tests/QuickJSharp.Tests.csproj" />
</Solution>
